
Microsoft Visual Studio Solution File, Format Version 12.00
# Visual Studio Version 17
VisualStudioVersion = 17.0.31903.59
MinimumVisualStudioVersion = 10.0.40219.1
Project("{2150E333-8FDC-42A3-9474-1A3956D46DE8}") = "src", "src", "{B57C0D60-EE3A-4773-8D84-F5BCF6449AF6}"
EndProject
Project("{FAE04EC0-301F-11D3-BF4B-00C04F79EFBC}") = "LandCover.ESRI", "src\LandCover.ESRI\LandCover.ESRI.csproj", "{2BEC984F-932B-48AB-ADAC-6FB2312B26BD}"
EndProject
Project("{2150E333-8FDC-42A3-9474-1A3956D46DE8}") = "root", "root", "{59E84048-A361-4CB2-9A6A-6B1FDC5D101F}"
	ProjectSection(SolutionItems) = preProject
		README.md = README.md
		LICENSE = LICENSE
		.editorconfig = .editorconfig
		.gitignore = .gitignore
	EndProjectSection
EndProject
Global
	GlobalSection(SolutionConfigurationPlatforms) = preSolution
		Debug|Any CPU = Debug|Any CPU
		Release|Any CPU = Release|Any CPU
	EndGlobalSection
	GlobalSection(SolutionProperties) = preSolution
		HideSolutionNode = FALSE
	EndGlobalSection
	GlobalSection(ProjectConfigurationPlatforms) = postSolution
		{2BEC984F-932B-48AB-ADAC-6FB2312B26BD}.Debug|Any CPU.ActiveCfg = Debug|Any CPU
		{2BEC984F-932B-48AB-ADAC-6FB2312B26BD}.Debug|Any CPU.Build.0 = Debug|Any CPU
		{2BEC984F-932B-48AB-ADAC-6FB2312B26BD}.Release|Any CPU.ActiveCfg = Release|Any CPU
		{2BEC984F-932B-48AB-ADAC-6FB2312B26BD}.Release|Any CPU.Build.0 = Release|Any CPU
	EndGlobalSection
	GlobalSection(NestedProjects) = preSolution
		{2BEC984F-932B-48AB-ADAC-6FB2312B26BD} = {B57C0D60-EE3A-4773-8D84-F5BCF6449AF6}
	EndGlobalSection
EndGlobal
